// !$*UTF8*$!
{
	archiveVersion = 1;
	classes = {
	};
	objectVersion = 46;
	objects = {

/* Begin PBXBuildFile section */
		638972321A07C90600B79899 /* AddGroupTableViewController.m in Sources */ = {isa = PBXBuildFile; fileRef = 638972311A07C90600B79899 /* AddGroupTableViewController.m */; };
		638972351A07C9E200B79899 /* Group.m in Sources */ = {isa = PBXBuildFile; fileRef = 638972341A07C9E200B79899 /* Group.m */; };
		638972381A07D0B500B79899 /* CreateGroupViewController.m in Sources */ = {isa = PBXBuildFile; fileRef = 638972371A07D0B500B79899 /* CreateGroupViewController.m */; };
		63D5A63A19F542C100B2C872 /* main.m in Sources */ = {isa = PBXBuildFile; fileRef = 63D5A63919F542C100B2C872 /* main.m */; };
		63D5A63D19F542C100B2C872 /* AppDelegate.m in Sources */ = {isa = PBXBuildFile; fileRef = 63D5A63C19F542C100B2C872 /* AppDelegate.m */; };
		63D5A64319F542C100B2C872 /* DetailViewController.m in Sources */ = {isa = PBXBuildFile; fileRef = 63D5A64219F542C100B2C872 /* DetailViewController.m */; };
		63D5A64619F542C100B2C872 /* Main.storyboard in Resources */ = {isa = PBXBuildFile; fileRef = 63D5A64419F542C100B2C872 /* Main.storyboard */; };
		63D5A64819F542C100B2C872 /* Images.xcassets in Resources */ = {isa = PBXBuildFile; fileRef = 63D5A64719F542C100B2C872 /* Images.xcassets */; };
		63D5A64B19F542C100B2C872 /* LaunchScreen.xib in Resources */ = {isa = PBXBuildFile; fileRef = 63D5A64919F542C100B2C872 /* LaunchScreen.xib */; };
		63D5A65719F542C100B2C872 /* TUDiReaderTests.m in Sources */ = {isa = PBXBuildFile; fileRef = 63D5A65619F542C100B2C872 /* TUDiReaderTests.m */; };
		63D5A66219F5444600B2C872 /* FeedsListTableViewController.m in Sources */ = {isa = PBXBuildFile; fileRef = 63D5A66119F5444600B2C872 /* FeedsListTableViewController.m */; };
		63D5A66519F547B500B2C872 /* Feed.m in Sources */ = {isa = PBXBuildFile; fileRef = 63D5A66419F547B500B2C872 /* Feed.m */; };
		63D80BF319FE8ED800F4EF1D /* AddFeedViewController.m in Sources */ = {isa = PBXBuildFile; fileRef = 63D80BF219FE8ED800F4EF1D /* AddFeedViewController.m */; };
/* End PBXBuildFile section */

/* Begin PBXContainerItemProxy section */
		63D5A65119F542C100B2C872 /* PBXContainerItemProxy */ = {
			isa = PBXContainerItemProxy;
			containerPortal = 63D5A62C19F542C100B2C872 /* Project object */;
			proxyType = 1;
			remoteGlobalIDString = 63D5A63319F542C100B2C872;
			remoteInfo = TUDiReader;
		};
/* End PBXContainerItemProxy section */

/* Begin PBXFileReference section */
		638972301A07C90600B79899 /* AddGroupTableViewController.h */ = {isa = PBXFileReference; fileEncoding = 4; lastKnownFileType = sourcecode.c.h; path = AddGroupTableViewController.h; sourceTree = "<group>"; };
		638972311A07C90600B79899 /* AddGroupTableViewController.m */ = {isa = PBXFileReference; fileEncoding = 4; lastKnownFileType = sourcecode.c.objc; path = AddGroupTableViewController.m; sourceTree = "<group>"; };
		638972331A07C9E200B79899 /* Group.h */ = {isa = PBXFileReference; fileEncoding = 4; lastKnownFileType = sourcecode.c.h; path = Group.h; sourceTree = "<group>"; };
		638972341A07C9E200B79899 /* Group.m */ = {isa = PBXFileReference; fileEncoding = 4; lastKnownFileType = sourcecode.c.objc; path = Group.m; sourceTree = "<group>"; };
		638972361A07D0B500B79899 /* CreateGroupViewController.h */ = {isa = PBXFileReference; fileEncoding = 4; lastKnownFileType = sourcecode.c.h; path = CreateGroupViewController.h; sourceTree = "<group>"; };
		638972371A07D0B500B79899 /* CreateGroupViewController.m */ = {isa = PBXFileReference; fileEncoding = 4; lastKnownFileType = sourcecode.c.objc; path = CreateGroupViewController.m; sourceTree = "<group>"; };
		63D5A63419F542C100B2C872 /* TUDiReader.app */ = {isa = PBXFileReference; explicitFileType = wrapper.application; includeInIndex = 0; path = TUDiReader.app; sourceTree = BUILT_PRODUCTS_DIR; };
		63D5A63819F542C100B2C872 /* Info.plist */ = {isa = PBXFileReference; lastKnownFileType = text.plist.xml; path = Info.plist; sourceTree = "<group>"; };
		63D5A63919F542C100B2C872 /* main.m */ = {isa = PBXFileReference; lastKnownFileType = sourcecode.c.objc; path = main.m; sourceTree = "<group>"; };
		63D5A63B19F542C100B2C872 /* AppDelegate.h */ = {isa = PBXFileReference; lastKnownFileType = sourcecode.c.h; path = AppDelegate.h; sourceTree = "<group>"; };
		63D5A63C19F542C100B2C872 /* AppDelegate.m */ = {isa = PBXFileReference; lastKnownFileType = sourcecode.c.objc; path = AppDelegate.m; sourceTree = "<group>"; };
		63D5A64119F542C100B2C872 /* DetailViewController.h */ = {isa = PBXFileReference; lastKnownFileType = sourcecode.c.h; path = DetailViewController.h; sourceTree = "<group>"; };
		63D5A64219F542C100B2C872 /* DetailViewController.m */ = {isa = PBXFileReference; lastKnownFileType = sourcecode.c.objc; path = DetailViewController.m; sourceTree = "<group>"; };
		63D5A64519F542C100B2C872 /* Base */ = {isa = PBXFileReference; lastKnownFileType = file.storyboard; name = Base; path = Base.lproj/Main.storyboard; sourceTree = "<group>"; };
		63D5A64719F542C100B2C872 /* Images.xcassets */ = {isa = PBXFileReference; lastKnownFileType = folder.assetcatalog; path = Images.xcassets; sourceTree = "<group>"; };
		63D5A64A19F542C100B2C872 /* Base */ = {isa = PBXFileReference; lastKnownFileType = file.xib; name = Base; path = Base.lproj/LaunchScreen.xib; sourceTree = "<group>"; };
		63D5A65019F542C100B2C872 /* TUDiReaderTests.xctest */ = {isa = PBXFileReference; explicitFileType = wrapper.cfbundle; includeInIndex = 0; path = TUDiReaderTests.xctest; sourceTree = BUILT_PRODUCTS_DIR; };
		63D5A65519F542C100B2C872 /* Info.plist */ = {isa = PBXFileReference; lastKnownFileType = text.plist.xml; path = Info.plist; sourceTree = "<group>"; };
		63D5A65619F542C100B2C872 /* TUDiReaderTests.m */ = {isa = PBXFileReference; lastKnownFileType = sourcecode.c.objc; path = TUDiReaderTests.m; sourceTree = "<group>"; };
		63D5A66019F5444600B2C872 /* FeedsListTableViewController.h */ = {isa = PBXFileReference; fileEncoding = 4; lastKnownFileType = sourcecode.c.h; path = FeedsListTableViewController.h; sourceTree = "<group>"; };
		63D5A66119F5444600B2C872 /* FeedsListTableViewController.m */ = {isa = PBXFileReference; fileEncoding = 4; lastKnownFileType = sourcecode.c.objc; path = FeedsListTableViewController.m; sourceTree = "<group>"; };
		63D5A66319F547B500B2C872 /* Feed.h */ = {isa = PBXFileReference; fileEncoding = 4; lastKnownFileType = sourcecode.c.h; path = Feed.h; sourceTree = "<group>"; };
		63D5A66419F547B500B2C872 /* Feed.m */ = {isa = PBXFileReference; fileEncoding = 4; lastKnownFileType = sourcecode.c.objc; path = Feed.m; sourceTree = "<group>"; };
		63D80BF119FE8ED800F4EF1D /* AddFeedViewController.h */ = {isa = PBXFileReference; fileEncoding = 4; lastKnownFileType = sourcecode.c.h; path = AddFeedViewController.h; sourceTree = "<group>"; };
		63D80BF219FE8ED800F4EF1D /* AddFeedViewController.m */ = {isa = PBXFileReference; fileEncoding = 4; lastKnownFileType = sourcecode.c.objc; path = AddFeedViewController.m; sourceTree = "<group>"; };
/* End PBXFileReference section */

/* Begin PBXFrameworksBuildPhase section */
		63D5A63119F542C100B2C872 /* Frameworks */ = {
			isa = PBXFrameworksBuildPhase;
			buildActionMask = 2147483647;
			files = (
			);
			runOnlyForDeploymentPostprocessing = 0;
		};
		63D5A64D19F542C100B2C872 /* Frameworks */ = {
			isa = PBXFrameworksBuildPhase;
			buildActionMask = 2147483647;
			files = (
			);
			runOnlyForDeploymentPostprocessing = 0;
		};
/* End PBXFrameworksBuildPhase section */

/* Begin PBXGroup section */
		63D5A62B19F542C100B2C872 = {
			isa = PBXGroup;
			children = (
				63D5A63619F542C100B2C872 /* TUDiReader */,
				63D5A65319F542C100B2C872 /* TUDiReaderTests */,
				63D5A63519F542C100B2C872 /* Products */,
			);
			sourceTree = "<group>";
		};
		63D5A63519F542C100B2C872 /* Products */ = {
			isa = PBXGroup;
			children = (
				63D5A63419F542C100B2C872 /* TUDiReader.app */,
				63D5A65019F542C100B2C872 /* TUDiReaderTests.xctest */,
			);
			name = Products;
			sourceTree = "<group>";
		};
		63D5A63619F542C100B2C872 /* TUDiReader */ = {
			isa = PBXGroup;
			children = (
				63D5A63B19F542C100B2C872 /* AppDelegate.h */,
				63D5A63C19F542C100B2C872 /* AppDelegate.m */,
				63D5A64119F542C100B2C872 /* DetailViewController.h */,
				63D5A64219F542C100B2C872 /* DetailViewController.m */,
				63D5A64419F542C100B2C872 /* Main.storyboard */,
				63D5A64719F542C100B2C872 /* Images.xcassets */,
				63D5A64919F542C100B2C872 /* LaunchScreen.xib */,
				63D5A63719F542C100B2C872 /* Supporting Files */,
				63D5A66019F5444600B2C872 /* FeedsListTableViewController.h */,
				63D5A66119F5444600B2C872 /* FeedsListTableViewController.m */,
				63D5A66319F547B500B2C872 /* Feed.h */,
				63D5A66419F547B500B2C872 /* Feed.m */,
				63D80BF119FE8ED800F4EF1D /* AddFeedViewController.h */,
				63D80BF219FE8ED800F4EF1D /* AddFeedViewController.m */,
				638972301A07C90600B79899 /* AddGroupTableViewController.h */,
				638972311A07C90600B79899 /* AddGroupTableViewController.m */,
				638972331A07C9E200B79899 /* Group.h */,
				638972341A07C9E200B79899 /* Group.m */,
				638972361A07D0B500B79899 /* CreateGroupViewController.h */,
				638972371A07D0B500B79899 /* CreateGroupViewController.m */,
			);
			path = TUDiReader;
			sourceTree = "<group>";
		};
		63D5A63719F542C100B2C872 /* Supporting Files */ = {
			isa = PBXGroup;
			children = (
				63D5A63819F542C100B2C872 /* Info.plist */,
				63D5A63919F542C100B2C872 /* main.m */,
			);
			name = "Supporting Files";
			sourceTree = "<group>";
		};
		63D5A65319F542C100B2C872 /* TUDiReaderTests */ = {
			isa = PBXGroup;
			children = (
				63D5A65619F542C100B2C872 /* TUDiReaderTests.m */,
				63D5A65419F542C100B2C872 /* Supporting Files */,
			);
			path = TUDiReaderTests;
			sourceTree = "<group>";
		};
		63D5A65419F542C100B2C872 /* Supporting Files */ = {
			isa = PBXGroup;
			children = (
				63D5A65519F542C100B2C872 /* Info.plist */,
			);
			name = "Supporting Files";
			sourceTree = "<group>";
		};
/* End PBXGroup section */

/* Begin PBXNativeTarget section */
		63D5A63319F542C100B2C872 /* TUDiReader */ = {
			isa = PBXNativeTarget;
			buildConfigurationList = 63D5A65A19F542C100B2C872 /* Build configuration list for PBXNativeTarget "TUDiReader" */;
			buildPhases = (
				63D5A63019F542C100B2C872 /* Sources */,
				63D5A63119F542C100B2C872 /* Frameworks */,
				63D5A63219F542C100B2C872 /* Resources */,
			);
			buildRules = (
			);
			dependencies = (
			);
			name = TUDiReader;
			productName = TUDiReader;
			productReference = 63D5A63419F542C100B2C872 /* TUDiReader.app */;
			productType = "com.apple.product-type.application";
		};
		63D5A64F19F542C100B2C872 /* TUDiReaderTests */ = {
			isa = PBXNativeTarget;
			buildConfigurationList = 63D5A65D19F542C100B2C872 /* Build configuration list for PBXNativeTarget "TUDiReaderTests" */;
			buildPhases = (
				63D5A64C19F542C100B2C872 /* Sources */,
				63D5A64D19F542C100B2C872 /* Frameworks */,
				63D5A64E19F542C100B2C872 /* Resources */,
			);
			buildRules = (
			);
			dependencies = (
				63D5A65219F542C100B2C872 /* PBXTargetDependency */,
			);
			name = TUDiReaderTests;
			productName = TUDiReaderTests;
			productReference = 63D5A65019F542C100B2C872 /* TUDiReaderTests.xctest */;
			productType = "com.apple.product-type.bundle.unit-test";
		};
/* End PBXNativeTarget section */

/* Begin PBXProject section */
		63D5A62C19F542C100B2C872 /* Project object */ = {
			isa = PBXProject;
			attributes = {
				LastUpgradeCheck = 0600;
				ORGANIZATIONNAME = "Martin Weissbach";
				TargetAttributes = {
					63D5A63319F542C100B2C872 = {
						CreatedOnToolsVersion = 6.0.1;
					};
					63D5A64F19F542C100B2C872 = {
						CreatedOnToolsVersion = 6.0.1;
						TestTargetID = 63D5A63319F542C100B2C872;
					};
				};
			};
			buildConfigurationList = 63D5A62F19F542C100B2C872 /* Build configuration list for PBXProject "TUDiReader" */;
			compatibilityVersion = "Xcode 3.2";
			developmentRegion = English;
			hasScannedForEncodings = 0;
			knownRegions = (
				en,
				Base,
			);
			mainGroup = 63D5A62B19F542C100B2C872;
			productRefGroup = 63D5A63519F542C100B2C872 /* Products */;
			projectDirPath = "";
			projectRoot = "";
			targets = (
				63D5A63319F542C100B2C872 /* TUDiReader */,
				63D5A64F19F542C100B2C872 /* TUDiReaderTests */,
			);
		};
/* End PBXProject section */

/* Begin PBXResourcesBuildPhase section */
		63D5A63219F542C100B2C872 /* Resources */ = {
			isa = PBXResourcesBuildPhase;
			buildActionMask = 2147483647;
			files = (
				63D5A64619F542C100B2C872 /* Main.storyboard in Resources */,
				63D5A64B19F542C100B2C872 /* LaunchScreen.xib in Resources */,
				63D5A64819F542C100B2C872 /* Images.xcassets in Resources */,
			);
			runOnlyForDeploymentPostprocessing = 0;
		};
		63D5A64E19F542C100B2C872 /* Resources */ = {
			isa = PBXResourcesBuildPhase;
			buildActionMask = 2147483647;
			files = (
			);
			runOnlyForDeploymentPostprocessing = 0;
		};
/* End PBXResourcesBuildPhase section */

/* Begin PBXSourcesBuildPhase section */
		63D5A63019F542C100B2C872 /* Sources */ = {
			isa = PBXSourcesBuildPhase;
			buildActionMask = 2147483647;
			files = (
				63D80BF319FE8ED800F4EF1D /* AddFeedViewController.m in Sources */,
				638972381A07D0B500B79899 /* CreateGroupViewController.m in Sources */,
				638972321A07C90600B79899 /* AddGroupTableViewController.m in Sources */,
				63D5A63D19F542C100B2C872 /* AppDelegate.m in Sources */,
				63D5A66219F5444600B2C872 /* FeedsListTableViewController.m in Sources */,
				63D5A66519F547B500B2C872 /* Feed.m in Sources */,
				63D5A63A19F542C100B2C872 /* main.m in Sources */,
				63D5A64319F542C100B2C872 /* DetailViewController.m in Sources */,
				638972351A07C9E200B79899 /* Group.m in Sources */,
			);
			runOnlyForDeploymentPostprocessing = 0;
		};
		63D5A64C19F542C100B2C872 /* Sources */ = {
			isa = PBXSourcesBuildPhase;
			buildActionMask = 2147483647;
			files = (
				63D5A65719F542C100B2C872 /* TUDiReaderTests.m in Sources */,
			);
			runOnlyForDeploymentPostprocessing = 0;
		};
/* End PBXSourcesBuildPhase section */

/* Begin PBXTargetDependency section */
		63D5A65219F542C100B2C872 /* PBXTargetDependency */ = {
			isa = PBXTargetDependency;
			target = 63D5A63319F542C100B2C872 /* TUDiReader */;
			targetProxy = 63D5A65119F542C100B2C872 /* PBXContainerItemProxy */;
		};
/* End PBXTargetDependency section */

/* Begin PBXVariantGroup section */
		63D5A64419F542C100B2C872 /* Main.storyboard */ = {
			isa = PBXVariantGroup;
			children = (
				63D5A64519F542C100B2C872 /* Base */,
			);
			name = Main.storyboard;
			sourceTree = "<group>";
		};
		63D5A64919F542C100B2C872 /* LaunchScreen.xib */ = {
			isa = PBXVariantGroup;
			children = (
				63D5A64A19F542C100B2C872 /* Base */,
			);
			name = LaunchScreen.xib;
			sourceTree = "<group>";
		};
/* End PBXVariantGroup section */

/* Begin XCBuildConfiguration section */
		63D5A65819F542C100B2C872 /* Debug */ = {
			isa = XCBuildConfiguration;
			buildSettings = {
				ALWAYS_SEARCH_USER_PATHS = NO;
				CLANG_CXX_LANGUAGE_STANDARD = "gnu++0x";
				CLANG_CXX_LIBRARY = "libc++";
				CLANG_ENABLE_MODULES = YES;
				CLANG_ENABLE_OBJC_ARC = YES;
				CLANG_WARN_BOOL_CONVERSION = YES;
				CLANG_WARN_CONSTANT_CONVERSION = YES;
				CLANG_WARN_DIRECT_OBJC_ISA_USAGE = YES_ERROR;
				CLANG_WARN_EMPTY_BODY = YES;
				CLANG_WARN_ENUM_CONVERSION = YES;
				CLANG_WARN_INT_CONVERSION = YES;
				CLANG_WARN_OBJC_ROOT_CLASS = YES_ERROR;
				CLANG_WARN_UNREACHABLE_CODE = YES;
				CLANG_WARN__DUPLICATE_METHOD_MATCH = YES;
				"CODE_SIGN_IDENTITY[sdk=iphoneos*]" = "iPhone Developer";
				COPY_PHASE_STRIP = NO;
				ENABLE_STRICT_OBJC_MSGSEND = YES;
				GCC_C_LANGUAGE_STANDARD = gnu99;
				GCC_DYNAMIC_NO_PIC = NO;
				GCC_OPTIMIZATION_LEVEL = 0;
				GCC_PREPROCESSOR_DEFINITIONS = (
					"DEBUG=1",
					"$(inherited)",
				);
				GCC_SYMBOLS_PRIVATE_EXTERN = NO;
				GCC_WARN_64_TO_32_BIT_CONVERSION = YES;
				GCC_WARN_ABOUT_RETURN_TYPE = YES_ERROR;
				GCC_WARN_UNDECLARED_SELECTOR = YES;
				GCC_WARN_UNINITIALIZED_AUTOS = YES_AGGRESSIVE;
				GCC_WARN_UNUSED_FUNCTION = YES;
				GCC_WARN_UNUSED_VARIABLE = YES;
				IPHONEOS_DEPLOYMENT_TARGET = 8.0;
				MTL_ENABLE_DEBUG_INFO = YES;
				ONLY_ACTIVE_ARCH = YES;
				SDKROOT = iphoneos;
				TARGETED_DEVICE_FAMILY = "1,2";
			};
			name = Debug;
		};
		63D5A65919F542C100B2C872 /* Release */ = {
			isa = XCBuildConfiguration;
			buildSettings = {
				ALWAYS_SEARCH_USER_PATHS = NO;
				CLANG_CXX_LANGUAGE_STANDARD = "gnu++0x";
				CLANG_CXX_LIBRARY = "libc++";
				CLANG_ENABLE_MODULES = YES;
				CLANG_ENABLE_OBJC_ARC = YES;
				CLANG_WARN_BOOL_CONVERSION = YES;
				CLANG_WARN_CONSTANT_CONVERSION = YES;
				CLANG_WARN_DIRECT_OBJC_ISA_USAGE = YES_ERROR;
				CLANG_WARN_EMPTY_BODY = YES;
				CLANG_WARN_ENUM_CONVERSION = YES;
				CLANG_WARN_INT_CONVERSION = YES;
				CLANG_WARN_OBJC_ROOT_CLASS = YES_ERROR;
				CLANG_WARN_UNREACHABLE_CODE = YES;
				CLANG_WARN__DUPLICATE_METHOD_MATCH = YES;
				"CODE_SIGN_IDENTITY[sdk=iphoneos*]" = "iPhone Developer";
				COPY_PHASE_STRIP = YES;
				ENABLE_NS_ASSERTIONS = NO;
				ENABLE_STRICT_OBJC_MSGSEND = YES;
				GCC_C_LANGUAGE_STANDARD = gnu99;
				GCC_WARN_64_TO_32_BIT_CONVERSION = YES;
				GCC_WARN_ABOUT_RETURN_TYPE = YES_ERROR;
				GCC_WARN_UNDECLARED_SELECTOR = YES;
				GCC_WARN_UNINITIALIZED_AUTOS = YES_AGGRESSIVE;
				GCC_WARN_UNUSED_FUNCTION = YES;
				GCC_WARN_UNUSED_VARIABLE = YES;
				IPHONEOS_DEPLOYMENT_TARGET = 8.0;
				MTL_ENABLE_DEBUG_INFO = NO;
				SDKROOT = iphoneos;
				TARGETED_DEVICE_FAMILY = "1,2";
				VALIDATE_PRODUCT = YES;
			};
			name = Release;
		};
		63D5A65B19F542C100B2C872 /* Debug */ = {
			isa = XCBuildConfiguration;
			buildSettings = {
				ASSETCATALOG_COMPILER_APPICON_NAME = AppIcon;
				INFOPLIST_FILE = TUDiReader/Info.plist;
				LD_RUNPATH_SEARCH_PATHS = "$(inherited) @executable_path/Frameworks";
				PRODUCT_NAME = "$(TARGET_NAME)";
			};
			name = Debug;
		};
		63D5A65C19F542C100B2C872 /* Release */ = {
			isa = XCBuildConfiguration;
			buildSettings = {
				ASSETCATALOG_COMPILER_APPICON_NAME = AppIcon;
				INFOPLIST_FILE = TUDiReader/Info.plist;
				LD_RUNPATH_SEARCH_PATHS = "$(inherited) @executable_path/Frameworks";
				PRODUCT_NAME = "$(TARGET_NAME)";
			};
			name = Release;
		};
		63D5A65E19F542C100B2C872 /* Debug */ = {
			isa = XCBuildConfiguration;
			buildSettings = {
				BUNDLE_LOADER = "$(TEST_HOST)";
				FRAMEWORK_SEARCH_PATHS = (
					"$(SDKROOT)/Developer/Library/Frameworks",
					"$(inherited)",
				);
				GCC_PREPROCESSOR_DEFINITIONS = (
					"DEBUG=1",
					"$(inherited)",
				);
				INFOPLIST_FILE = TUDiReaderTests/Info.plist;
				LD_RUNPATH_SEARCH_PATHS = "$(inherited) @executable_path/Frameworks @loader_path/Frameworks";
				PRODUCT_NAME = "$(TARGET_NAME)";
				TEST_HOST = "$(BUILT_PRODUCTS_DIR)/TUDiReader.app/TUDiReader";
			};
			name = Debug;
		};
		63D5A65F19F542C100B2C872 /* Release */ = {
			isa = XCBuildConfiguration;
			buildSettings = {
				BUNDLE_LOADER = "$(TEST_HOST)";
				FRAMEWORK_SEARCH_PATHS = (
					"$(SDKROOT)/Developer/Library/Frameworks",
					"$(inherited)",
				);
				INFOPLIST_FILE = TUDiReaderTests/Info.plist;
				LD_RUNPATH_SEARCH_PATHS = "$(inherited) @executable_path/Frameworks @loader_path/Frameworks";
				PRODUCT_NAME = "$(TARGET_NAME)";
				TEST_HOST = "$(BUILT_PRODUCTS_DIR)/TUDiReader.app/TUDiReader";
			};
			name = Release;
		};
/* End XCBuildConfiguration section */

/* Begin XCConfigurationList section */
		63D5A62F19F542C100B2C872 /* Build configuration list for PBXProject "TUDiReader" */ = {
			isa = XCConfigurationList;
			buildConfigurations = (
				63D5A65819F542C100B2C872 /* Debug */,
				63D5A65919F542C100B2C872 /* Release */,
			);
			defaultConfigurationIsVisible = 0;
			defaultConfigurationName = Release;
		};
		63D5A65A19F542C100B2C872 /* Build configuration list for PBXNativeTarget "TUDiReader" */ = {
			isa = XCConfigurationList;
			buildConfigurations = (
				63D5A65B19F542C100B2C872 /* Debug */,
				63D5A65C19F542C100B2C872 /* Release */,
			);
			defaultConfigurationIsVisible = 0;
			defaultConfigurationName = Release;
		};
		63D5A65D19F542C100B2C872 /* Build configuration list for PBXNativeTarget "TUDiReaderTests" */ = {
			isa = XCConfigurationList;
			buildConfigurations = (
				63D5A65E19F542C100B2C872 /* Debug */,
				63D5A65F19F542C100B2C872 /* Release */,
			);
			defaultConfigurationIsVisible = 0;
			defaultConfigurationName = Release;
		};
/* End XCConfigurationList section */
	};
	rootObject = 63D5A62C19F542C100B2C872 /* Project object */;
}
